
Microsoft Visual Studio Solution File, Format Version 12.00
# Visual Studio 2013
VisualStudioVersion = 12.0.31101.0
MinimumVisualStudioVersion = 10.0.40219.1
Project("{FAE04EC0-301F-11D3-BF4B-00C04F79EFBC}") = "MabiCommerce", "MabiCommerce\MabiCommerce.csproj", "{A7C94E17-96CF-47B5-AB58-DD718058FEC6}"
EndProject
Project("{FAE04EC0-301F-11D3-BF4B-00C04F79EFBC}") = "WaypointViewer", "WaypointViewer\WaypointViewer.csproj", "{AF6DC601-A278-4E12-9F0E-581CF7277E33}"
EndProject
Global
	GlobalSection(SolutionConfigurationPlatforms) = preSolution
		Debug|Any CPU = Debug|Any CPU
		Release|Any CPU = Release|Any CPU
		Release-Neutered|Any CPU = Release-Neutered|Any CPU
	EndGlobalSection
	GlobalSection(ProjectConfigurationPlatforms) = postSolution
		{A7C94E17-96CF-47B5-AB58-DD718058FEC6}.Debug|Any CPU.ActiveCfg = Debug|Any CPU
		{A7C94E17-96CF-47B5-AB58-DD718058FEC6}.Debug|Any CPU.Build.0 = Debug|Any CPU
		{A7C94E17-96CF-47B5-AB58-DD718058FEC6}.Release|Any CPU.ActiveCfg = Release|Any CPU
		{A7C94E17-96CF-47B5-AB58-DD718058FEC6}.Release|Any CPU.Build.0 = Release|Any CPU
		{A7C94E17-96CF-47B5-AB58-DD718058FEC6}.Release|Any CPU.Deploy.0 = Release|Any CPU
		{A7C94E17-96CF-47B5-AB58-DD718058FEC6}.Release-Neutered|Any CPU.ActiveCfg = Release-Neutered|Any CPU
		{A7C94E17-96CF-47B5-AB58-DD718058FEC6}.Release-Neutered|Any CPU.Build.0 = Release-Neutered|Any CPU
		{AF6DC601-A278-4E12-9F0E-581CF7277E33}.Debug|Any CPU.ActiveCfg = Debug|Any CPU
		{AF6DC601-A278-4E12-9F0E-581CF7277E33}.Debug|Any CPU.Build.0 = Debug|Any CPU
		{AF6DC601-A278-4E12-9F0E-581CF7277E33}.Release|Any CPU.ActiveCfg = Release|Any CPU
		{AF6DC601-A278-4E12-9F0E-581CF7277E33}.Release-Neutered|Any CPU.ActiveCfg = Release|Any CPU
	EndGlobalSection
	GlobalSection(SolutionProperties) = preSolution
		HideSolutionNode = FALSE
	EndGlobalSection
EndGlobal
